
Microsoft Visual Studio Solution File, Format Version 12.00
# Visual Studio Version 17
VisualStudioVersion = 17.0.31903.59
MinimumVisualStudioVersion = 10.0.40219.1
Project("{FAE04EC0-301F-11D3-BF4B-00C04F79EFBC}") = "API", "API\API.csproj", "{77A7BC48-71AF-4050-889B-7E5528C7DA04}"
EndProject
Project("{FAE04EC0-301F-11D3-BF4B-00C04F79EFBC}") = "Core", "Core\Core.csproj", "{0E323CF8-767A-4D2B-9008-D099403DF321}"
EndProject
Project("{FAE04EC0-301F-11D3-BF4B-00C04F79EFBC}") = "Infrastructure", "Infrastructure\Infrastructure.csproj", "{BFAE13AE-B554-474D-8A29-541746751378}"
EndProject
Project("{FAE04EC0-301F-11D3-BF4B-00C04F79EFBC}") = "EmailNotificationService", "EmailNotificationService\EmailNotificationService.csproj", "{C53A14B0-1DE0-499E-8E20-6F93469D0E42}"
EndProject
Global
	GlobalSection(SolutionConfigurationPlatforms) = preSolution
		Debug|Any CPU = Debug|Any CPU
		Release|Any CPU = Release|Any CPU
	EndGlobalSection
	GlobalSection(SolutionProperties) = preSolution
		HideSolutionNode = FALSE
	EndGlobalSection
	GlobalSection(ProjectConfigurationPlatforms) = postSolution
		{77A7BC48-71AF-4050-889B-7E5528C7DA04}.Debug|Any CPU.ActiveCfg = Debug|Any CPU
		{77A7BC48-71AF-4050-889B-7E5528C7DA04}.Debug|Any CPU.Build.0 = Debug|Any CPU
		{77A7BC48-71AF-4050-889B-7E5528C7DA04}.Release|Any CPU.ActiveCfg = Release|Any CPU
		{77A7BC48-71AF-4050-889B-7E5528C7DA04}.Release|Any CPU.Build.0 = Release|Any CPU
		{0E323CF8-767A-4D2B-9008-D099403DF321}.Debug|Any CPU.ActiveCfg = Debug|Any CPU
		{0E323CF8-767A-4D2B-9008-D099403DF321}.Debug|Any CPU.Build.0 = Debug|Any CPU
		{0E323CF8-767A-4D2B-9008-D099403DF321}.Release|Any CPU.ActiveCfg = Release|Any CPU
		{0E323CF8-767A-4D2B-9008-D099403DF321}.Release|Any CPU.Build.0 = Release|Any CPU
		{BFAE13AE-B554-474D-8A29-541746751378}.Debug|Any CPU.ActiveCfg = Debug|Any CPU
		{BFAE13AE-B554-474D-8A29-541746751378}.Debug|Any CPU.Build.0 = Debug|Any CPU
		{BFAE13AE-B554-474D-8A29-541746751378}.Release|Any CPU.ActiveCfg = Release|Any CPU
		{BFAE13AE-B554-474D-8A29-541746751378}.Release|Any CPU.Build.0 = Release|Any CPU
		{C53A14B0-1DE0-499E-8E20-6F93469D0E42}.Debug|Any CPU.ActiveCfg = Debug|Any CPU
		{C53A14B0-1DE0-499E-8E20-6F93469D0E42}.Debug|Any CPU.Build.0 = Debug|Any CPU
		{C53A14B0-1DE0-499E-8E20-6F93469D0E42}.Release|Any CPU.ActiveCfg = Release|Any CPU
		{C53A14B0-1DE0-499E-8E20-6F93469D0E42}.Release|Any CPU.Build.0 = Release|Any CPU
	EndGlobalSection
EndGlobal
